
Microsoft Visual Studio Solution File, Format Version 12.00
# Visual Studio Version 17
VisualStudioVersion = 17.8.34330.188
MinimumVisualStudioVersion = 10.0.40219.1
Project("{9A19103F-16F7-4668-BE54-9A1E7A4F7556}") = "Hirundo.Databases", "Hirundo.Databases\Hirundo.Databases.csproj", "{58E8EC4A-0F4C-4115-8DC3-7339F76F7D26}"
EndProject
Project("{9A19103F-16F7-4668-BE54-9A1E7A4F7556}") = "Hirundo.Databases.Tests", "Hirundo.Databases.Tests\Hirundo.Databases.Tests.csproj", "{08194132-B25D-46B8-A12D-F734DC214FB6}"
EndProject
Project("{9A19103F-16F7-4668-BE54-9A1E7A4F7556}") = "Hirundo.Databases.Tests.Integration", "Hirundo.Databases.Tests.Integration\Hirundo.Databases.Tests.Integration.csproj", "{3F2FC052-29B9-4089-B659-C6DD59C89719}"
EndProject
Project("{9A19103F-16F7-4668-BE54-9A1E7A4F7556}") = "Hirundo.Commons", "Hirundo.Commons\Hirundo.Commons.csproj", "{6757E022-BBFF-41B1-84DA-747A23D4466F}"
EndProject
Project("{9A19103F-16F7-4668-BE54-9A1E7A4F7556}") = "Hirundo.App.CLI", "Hirundo.App.CLI\Hirundo.App.CLI.csproj", "{180EE763-64C2-444E-A3E4-43204C51B0DD}"
EndProject
Project("{2150E333-8FDC-42A3-9474-1A3956D46DE8}") = "Tests", "Tests", "{66952413-DE19-442D-BD7E-05B457715E11}"
EndProject
Project("{2150E333-8FDC-42A3-9474-1A3956D46DE8}") = "Apps", "Apps", "{08F44D1D-B8D6-4172-B8D0-B0383A77C5AE}"
EndProject
Project("{2150E333-8FDC-42A3-9474-1A3956D46DE8}") = "Libraries", "Libraries", "{095ED9C4-38CC-415A-92E4-1E5EADBDD439}"
EndProject
Project("{9A19103F-16F7-4668-BE54-9A1E7A4F7556}") = "Hirundo.Serialization.Json", "Hirundo.Serialization.Json\Hirundo.Serialization.Json.csproj", "{1147596B-60AB-4D80-AB4D-B233CF32FF62}"
EndProject
Project("{9A19103F-16F7-4668-BE54-9A1E7A4F7556}") = "Hirundo.Serialization.Json.Tests", "Hirundo.Serialization.Json.Tests\Hirundo.Serialization.Json.Tests.csproj", "{059E2E7A-067D-44AF-BCB7-A27075EA37BD}"
EndProject
Project("{9A19103F-16F7-4668-BE54-9A1E7A4F7556}") = "Hirundo.Databases.WPF", "Hirundo.Databases.WPF\Hirundo.Databases.WPF.csproj", "{3EB1319B-1456-4EEA-8247-E9DADEC3DE26}"
EndProject
Project("{9A19103F-16F7-4668-BE54-9A1E7A4F7556}") = "Hirundo.Commons.WPF", "Hirundo.Commons.WPF\Hirundo.Commons.WPF.csproj", "{63FAD71D-E011-4E6E-AD07-D0ED47A8460C}"
EndProject
Project("{9A19103F-16F7-4668-BE54-9A1E7A4F7556}") = "Hirundo.Writers.WPF", "Hirundo.Writers.WPF\Hirundo.Writers.WPF.csproj", "{5F0C378E-4BB7-438A-A24F-DCB3C405C933}"
EndProject
Project("{9A19103F-16F7-4668-BE54-9A1E7A4F7556}") = "Hirundo.Repositories.DataLabels.Tests", "Hirundo.Repositories.DataLabels.Tests\Hirundo.Repositories.DataLabels.Tests.csproj", "{34DFB71C-1FB9-4B71-A0C0-868185CF445C}"
EndProject
Project("{9A19103F-16F7-4668-BE54-9A1E7A4F7556}") = "Hirundo.App.WPF", "Hirundo.App.WPF\Hirundo.App.WPF.csproj", "{37F217EF-5F1F-4BB8-84EB-5690C2B7AC97}"
EndProject
Project("{9A19103F-16F7-4668-BE54-9A1E7A4F7556}") = "Hirundo.App.WPF.Tests", "Hirundo.App.WPF.Tests\Hirundo.App.WPF.Tests.csproj", "{FD9F9D79-9B16-46E1-B50A-CF4419372FF3}"
EndProject
Project("{9A19103F-16F7-4668-BE54-9A1E7A4F7556}") = "Hirundo.App.WPF.Tests.Integration", "Hirundo.App.WPF.Tests.Integration\Hirundo.App.WPF.Tests.Integration.csproj", "{610FB91C-08BE-46EB-B6F0-BD179F426392}"
EndProject
Project("{9A19103F-16F7-4668-BE54-9A1E7A4F7556}") = "Hirundo.App", "Hirundo.App\Hirundo.App.csproj", "{35B4EB75-1F57-4545-8325-D25524AEBCF4}"
EndProject
Project("{9A19103F-16F7-4668-BE54-9A1E7A4F7556}") = "Hirundo.Databases.WPF.Tests", "Hirundo.Databases.WPF.Tests\Hirundo.Databases.WPF.Tests.csproj", "{2F003FAB-5501-4091-820F-5B2A5717B4D8}"
EndProject
Project("{9A19103F-16F7-4668-BE54-9A1E7A4F7556}") = "Hirundo.Writers.WPF.Tests", "Hirundo.Writers.WPF.Tests\Hirundo.Writers.WPF.Tests.csproj", "{A8FD5AA3-6D1D-43C5-B015-48C04060DF0A}"
EndProject
Project("{2150E333-8FDC-42A3-9474-1A3956D46DE8}") = "Libraries.WPF", "Libraries.WPF", "{98AF2FDD-CB86-484F-B545-ADEB6A2F93E8}"
EndProject
Project("{9A19103F-16F7-4668-BE54-9A1E7A4F7556}") = "Hirundo.Writers", "Hirundo.Writers\Hirundo.Writers.csproj", "{2C42ACD9-811F-4B35-A423-0CD734255A91}"
EndProject
Project("{9A19103F-16F7-4668-BE54-9A1E7A4F7556}") = "Hirundo.Writers.Tests", "Hirundo.Writers.Tests\Hirundo.Writers.Tests.csproj", "{97B6505C-1597-4E7B-B3E5-95DA90982362}"
EndProject
Project("{9A19103F-16F7-4668-BE54-9A1E7A4F7556}") = "Hirundo.App.Tests.Library", "Hirundo.App.Tests.Library\Hirundo.App.Tests.Library.csproj", "{61B0F74D-A28F-48F1-BB0C-C80BB16A41DB}"
EndProject
Project("{9A19103F-16F7-4668-BE54-9A1E7A4F7556}") = "Hirundo.Processors", "Hirundo.Processors\Hirundo.Processors.csproj", "{6A6F7A2F-14A4-4786-BFC0-1EA4270D68D7}"
EndProject
Project("{9A19103F-16F7-4668-BE54-9A1E7A4F7556}") = "Hirundo.Processors.Tests", "Hirundo.Processors.Tests\Hirundo.Processors.Tests.csproj", "{6611B3ED-74A0-4D15-84EA-390D19BA3BCA}"
EndProject
Project("{FAE04EC0-301F-11D3-BF4B-00C04F79EFBC}") = "Hirundo.Processors.WPF.Tests", "Hirundo.Processors.WPF.Tests\Hirundo.Processors.WPF.Tests.csproj", "{81BCB92D-F9D9-4247-8246-750AF44E4AC8}"
EndProject
Project("{FAE04EC0-301F-11D3-BF4B-00C04F79EFBC}") = "Hirundo.Processors.WPF", "Hirundo.Processors.WPF\Hirundo.Processors.WPF.csproj", "{558216C5-FBB3-42CE-B91A-66BE9C854471}"
EndProject
Global
	GlobalSection(SolutionConfigurationPlatforms) = preSolution
		Debug|Any CPU = Debug|Any CPU
		Release|Any CPU = Release|Any CPU
	EndGlobalSection
	GlobalSection(ProjectConfigurationPlatforms) = postSolution
		{58E8EC4A-0F4C-4115-8DC3-7339F76F7D26}.Debug|Any CPU.ActiveCfg = Debug|Any CPU
		{58E8EC4A-0F4C-4115-8DC3-7339F76F7D26}.Debug|Any CPU.Build.0 = Debug|Any CPU
		{58E8EC4A-0F4C-4115-8DC3-7339F76F7D26}.Release|Any CPU.ActiveCfg = Release|Any CPU
		{58E8EC4A-0F4C-4115-8DC3-7339F76F7D26}.Release|Any CPU.Build.0 = Release|Any CPU
		{08194132-B25D-46B8-A12D-F734DC214FB6}.Debug|Any CPU.ActiveCfg = Debug|Any CPU
		{08194132-B25D-46B8-A12D-F734DC214FB6}.Debug|Any CPU.Build.0 = Debug|Any CPU
		{08194132-B25D-46B8-A12D-F734DC214FB6}.Release|Any CPU.ActiveCfg = Release|Any CPU
		{08194132-B25D-46B8-A12D-F734DC214FB6}.Release|Any CPU.Build.0 = Release|Any CPU
		{3F2FC052-29B9-4089-B659-C6DD59C89719}.Debug|Any CPU.ActiveCfg = Debug|Any CPU
		{3F2FC052-29B9-4089-B659-C6DD59C89719}.Debug|Any CPU.Build.0 = Debug|Any CPU
		{3F2FC052-29B9-4089-B659-C6DD59C89719}.Release|Any CPU.ActiveCfg = Release|Any CPU
		{3F2FC052-29B9-4089-B659-C6DD59C89719}.Release|Any CPU.Build.0 = Release|Any CPU
		{6757E022-BBFF-41B1-84DA-747A23D4466F}.Debug|Any CPU.ActiveCfg = Debug|Any CPU
		{6757E022-BBFF-41B1-84DA-747A23D4466F}.Debug|Any CPU.Build.0 = Debug|Any CPU
		{6757E022-BBFF-41B1-84DA-747A23D4466F}.Release|Any CPU.ActiveCfg = Release|Any CPU
		{6757E022-BBFF-41B1-84DA-747A23D4466F}.Release|Any CPU.Build.0 = Release|Any CPU
		{180EE763-64C2-444E-A3E4-43204C51B0DD}.Debug|Any CPU.ActiveCfg = Debug|Any CPU
		{180EE763-64C2-444E-A3E4-43204C51B0DD}.Debug|Any CPU.Build.0 = Debug|Any CPU
		{180EE763-64C2-444E-A3E4-43204C51B0DD}.Release|Any CPU.ActiveCfg = Release|Any CPU
		{180EE763-64C2-444E-A3E4-43204C51B0DD}.Release|Any CPU.Build.0 = Release|Any CPU
		{1147596B-60AB-4D80-AB4D-B233CF32FF62}.Debug|Any CPU.ActiveCfg = Debug|Any CPU
		{1147596B-60AB-4D80-AB4D-B233CF32FF62}.Debug|Any CPU.Build.0 = Debug|Any CPU
		{1147596B-60AB-4D80-AB4D-B233CF32FF62}.Release|Any CPU.ActiveCfg = Release|Any CPU
		{1147596B-60AB-4D80-AB4D-B233CF32FF62}.Release|Any CPU.Build.0 = Release|Any CPU
		{059E2E7A-067D-44AF-BCB7-A27075EA37BD}.Debug|Any CPU.ActiveCfg = Debug|Any CPU
		{059E2E7A-067D-44AF-BCB7-A27075EA37BD}.Debug|Any CPU.Build.0 = Debug|Any CPU
		{059E2E7A-067D-44AF-BCB7-A27075EA37BD}.Release|Any CPU.ActiveCfg = Release|Any CPU
		{059E2E7A-067D-44AF-BCB7-A27075EA37BD}.Release|Any CPU.Build.0 = Release|Any CPU
		{3EB1319B-1456-4EEA-8247-E9DADEC3DE26}.Debug|Any CPU.ActiveCfg = Debug|Any CPU
		{3EB1319B-1456-4EEA-8247-E9DADEC3DE26}.Debug|Any CPU.Build.0 = Debug|Any CPU
		{3EB1319B-1456-4EEA-8247-E9DADEC3DE26}.Release|Any CPU.ActiveCfg = Release|Any CPU
		{3EB1319B-1456-4EEA-8247-E9DADEC3DE26}.Release|Any CPU.Build.0 = Release|Any CPU
		{63FAD71D-E011-4E6E-AD07-D0ED47A8460C}.Debug|Any CPU.ActiveCfg = Debug|Any CPU
		{63FAD71D-E011-4E6E-AD07-D0ED47A8460C}.Debug|Any CPU.Build.0 = Debug|Any CPU
		{63FAD71D-E011-4E6E-AD07-D0ED47A8460C}.Release|Any CPU.ActiveCfg = Release|Any CPU
		{63FAD71D-E011-4E6E-AD07-D0ED47A8460C}.Release|Any CPU.Build.0 = Release|Any CPU
		{5F0C378E-4BB7-438A-A24F-DCB3C405C933}.Debug|Any CPU.ActiveCfg = Debug|Any CPU
		{5F0C378E-4BB7-438A-A24F-DCB3C405C933}.Debug|Any CPU.Build.0 = Debug|Any CPU
		{5F0C378E-4BB7-438A-A24F-DCB3C405C933}.Release|Any CPU.ActiveCfg = Release|Any CPU
		{5F0C378E-4BB7-438A-A24F-DCB3C405C933}.Release|Any CPU.Build.0 = Release|Any CPU
		{34DFB71C-1FB9-4B71-A0C0-868185CF445C}.Debug|Any CPU.ActiveCfg = Debug|Any CPU
		{34DFB71C-1FB9-4B71-A0C0-868185CF445C}.Debug|Any CPU.Build.0 = Debug|Any CPU
		{34DFB71C-1FB9-4B71-A0C0-868185CF445C}.Release|Any CPU.ActiveCfg = Release|Any CPU
		{34DFB71C-1FB9-4B71-A0C0-868185CF445C}.Release|Any CPU.Build.0 = Release|Any CPU
		{37F217EF-5F1F-4BB8-84EB-5690C2B7AC97}.Debug|Any CPU.ActiveCfg = Debug|Any CPU
		{37F217EF-5F1F-4BB8-84EB-5690C2B7AC97}.Debug|Any CPU.Build.0 = Debug|Any CPU
		{37F217EF-5F1F-4BB8-84EB-5690C2B7AC97}.Release|Any CPU.ActiveCfg = Release|Any CPU
		{37F217EF-5F1F-4BB8-84EB-5690C2B7AC97}.Release|Any CPU.Build.0 = Release|Any CPU
		{FD9F9D79-9B16-46E1-B50A-CF4419372FF3}.Debug|Any CPU.ActiveCfg = Debug|Any CPU
		{FD9F9D79-9B16-46E1-B50A-CF4419372FF3}.Debug|Any CPU.Build.0 = Debug|Any CPU
		{FD9F9D79-9B16-46E1-B50A-CF4419372FF3}.Release|Any CPU.ActiveCfg = Release|Any CPU
		{FD9F9D79-9B16-46E1-B50A-CF4419372FF3}.Release|Any CPU.Build.0 = Release|Any CPU
		{610FB91C-08BE-46EB-B6F0-BD179F426392}.Debug|Any CPU.ActiveCfg = Debug|Any CPU
		{610FB91C-08BE-46EB-B6F0-BD179F426392}.Debug|Any CPU.Build.0 = Debug|Any CPU
		{610FB91C-08BE-46EB-B6F0-BD179F426392}.Release|Any CPU.ActiveCfg = Release|Any CPU
		{610FB91C-08BE-46EB-B6F0-BD179F426392}.Release|Any CPU.Build.0 = Release|Any CPU
		{35B4EB75-1F57-4545-8325-D25524AEBCF4}.Debug|Any CPU.ActiveCfg = Debug|Any CPU
		{35B4EB75-1F57-4545-8325-D25524AEBCF4}.Debug|Any CPU.Build.0 = Debug|Any CPU
		{35B4EB75-1F57-4545-8325-D25524AEBCF4}.Release|Any CPU.ActiveCfg = Release|Any CPU
		{35B4EB75-1F57-4545-8325-D25524AEBCF4}.Release|Any CPU.Build.0 = Release|Any CPU
		{2F003FAB-5501-4091-820F-5B2A5717B4D8}.Debug|Any CPU.ActiveCfg = Debug|Any CPU
		{2F003FAB-5501-4091-820F-5B2A5717B4D8}.Debug|Any CPU.Build.0 = Debug|Any CPU
		{2F003FAB-5501-4091-820F-5B2A5717B4D8}.Release|Any CPU.ActiveCfg = Release|Any CPU
		{2F003FAB-5501-4091-820F-5B2A5717B4D8}.Release|Any CPU.Build.0 = Release|Any CPU
		{A8FD5AA3-6D1D-43C5-B015-48C04060DF0A}.Debug|Any CPU.ActiveCfg = Debug|Any CPU
		{A8FD5AA3-6D1D-43C5-B015-48C04060DF0A}.Debug|Any CPU.Build.0 = Debug|Any CPU
		{A8FD5AA3-6D1D-43C5-B015-48C04060DF0A}.Release|Any CPU.ActiveCfg = Release|Any CPU
		{A8FD5AA3-6D1D-43C5-B015-48C04060DF0A}.Release|Any CPU.Build.0 = Release|Any CPU
		{2C42ACD9-811F-4B35-A423-0CD734255A91}.Debug|Any CPU.ActiveCfg = Debug|Any CPU
		{2C42ACD9-811F-4B35-A423-0CD734255A91}.Debug|Any CPU.Build.0 = Debug|Any CPU
		{2C42ACD9-811F-4B35-A423-0CD734255A91}.Release|Any CPU.ActiveCfg = Release|Any CPU
		{2C42ACD9-811F-4B35-A423-0CD734255A91}.Release|Any CPU.Build.0 = Release|Any CPU
		{97B6505C-1597-4E7B-B3E5-95DA90982362}.Debug|Any CPU.ActiveCfg = Debug|Any CPU
		{97B6505C-1597-4E7B-B3E5-95DA90982362}.Debug|Any CPU.Build.0 = Debug|Any CPU
		{97B6505C-1597-4E7B-B3E5-95DA90982362}.Release|Any CPU.ActiveCfg = Release|Any CPU
		{97B6505C-1597-4E7B-B3E5-95DA90982362}.Release|Any CPU.Build.0 = Release|Any CPU
		{61B0F74D-A28F-48F1-BB0C-C80BB16A41DB}.Debug|Any CPU.ActiveCfg = Debug|Any CPU
		{61B0F74D-A28F-48F1-BB0C-C80BB16A41DB}.Debug|Any CPU.Build.0 = Debug|Any CPU
		{61B0F74D-A28F-48F1-BB0C-C80BB16A41DB}.Release|Any CPU.ActiveCfg = Release|Any CPU
		{61B0F74D-A28F-48F1-BB0C-C80BB16A41DB}.Release|Any CPU.Build.0 = Release|Any CPU
		{6A6F7A2F-14A4-4786-BFC0-1EA4270D68D7}.Debug|Any CPU.ActiveCfg = Debug|Any CPU
		{6A6F7A2F-14A4-4786-BFC0-1EA4270D68D7}.Debug|Any CPU.Build.0 = Debug|Any CPU
		{6A6F7A2F-14A4-4786-BFC0-1EA4270D68D7}.Release|Any CPU.ActiveCfg = Release|Any CPU
		{6A6F7A2F-14A4-4786-BFC0-1EA4270D68D7}.Release|Any CPU.Build.0 = Release|Any CPU
		{6611B3ED-74A0-4D15-84EA-390D19BA3BCA}.Debug|Any CPU.ActiveCfg = Debug|Any CPU
		{6611B3ED-74A0-4D15-84EA-390D19BA3BCA}.Debug|Any CPU.Build.0 = Debug|Any CPU
		{6611B3ED-74A0-4D15-84EA-390D19BA3BCA}.Release|Any CPU.ActiveCfg = Release|Any CPU
		{6611B3ED-74A0-4D15-84EA-390D19BA3BCA}.Release|Any CPU.Build.0 = Release|Any CPU
		{81BCB92D-F9D9-4247-8246-750AF44E4AC8}.Debug|Any CPU.ActiveCfg = Debug|Any CPU
		{81BCB92D-F9D9-4247-8246-750AF44E4AC8}.Debug|Any CPU.Build.0 = Debug|Any CPU
		{81BCB92D-F9D9-4247-8246-750AF44E4AC8}.Release|Any CPU.ActiveCfg = Release|Any CPU
		{81BCB92D-F9D9-4247-8246-750AF44E4AC8}.Release|Any CPU.Build.0 = Release|Any CPU
		{558216C5-FBB3-42CE-B91A-66BE9C854471}.Debug|Any CPU.ActiveCfg = Debug|Any CPU
		{558216C5-FBB3-42CE-B91A-66BE9C854471}.Debug|Any CPU.Build.0 = Debug|Any CPU
		{558216C5-FBB3-42CE-B91A-66BE9C854471}.Release|Any CPU.ActiveCfg = Release|Any CPU
		{558216C5-FBB3-42CE-B91A-66BE9C854471}.Release|Any CPU.Build.0 = Release|Any CPU
	EndGlobalSection
	GlobalSection(SolutionProperties) = preSolution
		HideSolutionNode = FALSE
	EndGlobalSection
	GlobalSection(NestedProjects) = preSolution
		{58E8EC4A-0F4C-4115-8DC3-7339F76F7D26} = {095ED9C4-38CC-415A-92E4-1E5EADBDD439}
		{08194132-B25D-46B8-A12D-F734DC214FB6} = {66952413-DE19-442D-BD7E-05B457715E11}
		{3F2FC052-29B9-4089-B659-C6DD59C89719} = {66952413-DE19-442D-BD7E-05B457715E11}
		{6757E022-BBFF-41B1-84DA-747A23D4466F} = {095ED9C4-38CC-415A-92E4-1E5EADBDD439}
		{180EE763-64C2-444E-A3E4-43204C51B0DD} = {08F44D1D-B8D6-4172-B8D0-B0383A77C5AE}
		{1147596B-60AB-4D80-AB4D-B233CF32FF62} = {095ED9C4-38CC-415A-92E4-1E5EADBDD439}
		{059E2E7A-067D-44AF-BCB7-A27075EA37BD} = {66952413-DE19-442D-BD7E-05B457715E11}
		{3EB1319B-1456-4EEA-8247-E9DADEC3DE26} = {98AF2FDD-CB86-484F-B545-ADEB6A2F93E8}
		{63FAD71D-E011-4E6E-AD07-D0ED47A8460C} = {98AF2FDD-CB86-484F-B545-ADEB6A2F93E8}
		{5F0C378E-4BB7-438A-A24F-DCB3C405C933} = {98AF2FDD-CB86-484F-B545-ADEB6A2F93E8}
		{34DFB71C-1FB9-4B71-A0C0-868185CF445C} = {66952413-DE19-442D-BD7E-05B457715E11}
		{37F217EF-5F1F-4BB8-84EB-5690C2B7AC97} = {08F44D1D-B8D6-4172-B8D0-B0383A77C5AE}
		{FD9F9D79-9B16-46E1-B50A-CF4419372FF3} = {66952413-DE19-442D-BD7E-05B457715E11}
		{610FB91C-08BE-46EB-B6F0-BD179F426392} = {66952413-DE19-442D-BD7E-05B457715E11}
		{35B4EB75-1F57-4545-8325-D25524AEBCF4} = {08F44D1D-B8D6-4172-B8D0-B0383A77C5AE}
		{2F003FAB-5501-4091-820F-5B2A5717B4D8} = {66952413-DE19-442D-BD7E-05B457715E11}
		{A8FD5AA3-6D1D-43C5-B015-48C04060DF0A} = {66952413-DE19-442D-BD7E-05B457715E11}
		{2C42ACD9-811F-4B35-A423-0CD734255A91} = {095ED9C4-38CC-415A-92E4-1E5EADBDD439}
		{97B6505C-1597-4E7B-B3E5-95DA90982362} = {66952413-DE19-442D-BD7E-05B457715E11}
		{61B0F74D-A28F-48F1-BB0C-C80BB16A41DB} = {66952413-DE19-442D-BD7E-05B457715E11}
		{6A6F7A2F-14A4-4786-BFC0-1EA4270D68D7} = {095ED9C4-38CC-415A-92E4-1E5EADBDD439}
		{6611B3ED-74A0-4D15-84EA-390D19BA3BCA} = {66952413-DE19-442D-BD7E-05B457715E11}
		{81BCB92D-F9D9-4247-8246-750AF44E4AC8} = {66952413-DE19-442D-BD7E-05B457715E11}
		{558216C5-FBB3-42CE-B91A-66BE9C854471} = {98AF2FDD-CB86-484F-B545-ADEB6A2F93E8}
	EndGlobalSection
	GlobalSection(ExtensibilityGlobals) = postSolution
		SolutionGuid = {7BB2E5CA-3E12-4544-8827-61B4CF679997}
	EndGlobalSection
EndGlobal
