
Microsoft Visual Studio Solution File, Format Version 12.00
# Visual Studio Version 17
VisualStudioVersion = 17.8.34330.188
MinimumVisualStudioVersion = 10.0.40219.1
Project("{9A19103F-16F7-4668-BE54-9A1E7A4F7556}") = "Hirundo.Databases", "Hirundo.Databases\Hirundo.Databases.csproj", "{58E8EC4A-0F4C-4115-8DC3-7339F76F7D26}"
EndProject
Project("{9A19103F-16F7-4668-BE54-9A1E7A4F7556}") = "Hirundo.Databases.Tests", "Hirundo.Databases.Tests\Hirundo.Databases.Tests.csproj", "{08194132-B25D-46B8-A12D-F734DC214FB6}"
EndProject
Project("{9A19103F-16F7-4668-BE54-9A1E7A4F7556}") = "Hirundo.Databases.Tests.Integration", "Hirundo.Databases.Tests.Integration\Hirundo.Databases.Tests.Integration.csproj", "{3F2FC052-29B9-4089-B659-C6DD59C89719}"
EndProject
Project("{9A19103F-16F7-4668-BE54-9A1E7A4F7556}") = "Hirundo.Commons", "Hirundo.Commons\Hirundo.Commons.csproj", "{6757E022-BBFF-41B1-84DA-747A23D4466F}"
EndProject
Project("{9A19103F-16F7-4668-BE54-9A1E7A4F7556}") = "Hirundo.Processors.Population", "Hirundo.Processors.Population\Hirundo.Processors.Population.csproj", "{7D84BC30-9BBE-430D-92FC-F0E00F61AFFF}"
EndProject
Project("{9A19103F-16F7-4668-BE54-9A1E7A4F7556}") = "Hirundo.Processors.Population.Tests", "Hirundo.Processors.Population.Tests\Hirundo.Processors.Population.Tests.csproj", "{BCA5891F-9277-4BDC-A82F-D5A6194B54AA}"
EndProject
Project("{9A19103F-16F7-4668-BE54-9A1E7A4F7556}") = "Hirundo.Processors.Statistics", "Hirundo.Processors.Statistics\Hirundo.Processors.Statistics.csproj", "{1235259F-89C6-4C9A-A4B2-B243ED17AA42}"
EndProject
Project("{9A19103F-16F7-4668-BE54-9A1E7A4F7556}") = "Hirundo.Processors.Statistics.Tests", "Hirundo.Processors.Statistics.Tests\Hirundo.Processors.Statistics.Tests.csproj", "{A6431268-65DD-4AD5-860F-39FA6D1F28CA}"
EndProject
Project("{9A19103F-16F7-4668-BE54-9A1E7A4F7556}") = "Hirundo.Processors.Specimens", "Hirundo.Processors.Specimens\Hirundo.Processors.Specimens.csproj", "{CE9ED348-A83B-4130-93A5-9C1367C9EC8B}"
EndProject
Project("{9A19103F-16F7-4668-BE54-9A1E7A4F7556}") = "Hirundo.Processors.Specimens.Tests", "Hirundo.Processors.Specimens.Tests\Hirundo.Processors.Specimens.Tests.csproj", "{A09C7B25-0D22-4DD5-B844-F7AB2DFCB897}"
EndProject
Project("{9A19103F-16F7-4668-BE54-9A1E7A4F7556}") = "Hirundo.Processors.Summary", "Hirundo.Processors.Summary\Hirundo.Processors.Summary.csproj", "{D7548D59-9495-4FA9-A4D2-11D360917E38}"
EndProject
Project("{9A19103F-16F7-4668-BE54-9A1E7A4F7556}") = "Hirundo.Processors.Summary.Tests", "Hirundo.Processors.Summary.Tests\Hirundo.Processors.Summary.Tests.csproj", "{54D2B821-FB36-4A86-AA89-D4AD4CCD9F1C}"
EndProject
Project("{9A19103F-16F7-4668-BE54-9A1E7A4F7556}") = "Hirundo.Writers.Summary", "Hirundo.Writers.Summary\Hirundo.Writers.Summary.csproj", "{9941113F-6477-4644-8DCF-DB0FBB6E5E07}"
EndProject
Project("{9A19103F-16F7-4668-BE54-9A1E7A4F7556}") = "Hirundo.Writers.Summary.Tests", "Hirundo.Writers.Summary.Tests\Hirundo.Writers.Summary.Tests.csproj", "{BD87AFDB-936C-4735-9B52-B5919BB80437}"
EndProject
Project("{9A19103F-16F7-4668-BE54-9A1E7A4F7556}") = "Hirundo.App.CLI", "Hirundo.App.CLI\Hirundo.App.CLI.csproj", "{180EE763-64C2-444E-A3E4-43204C51B0DD}"
EndProject
Project("{2150E333-8FDC-42A3-9474-1A3956D46DE8}") = "Tests", "Tests", "{66952413-DE19-442D-BD7E-05B457715E11}"
EndProject
Project("{2150E333-8FDC-42A3-9474-1A3956D46DE8}") = "Apps", "Apps", "{08F44D1D-B8D6-4172-B8D0-B0383A77C5AE}"
EndProject
Project("{2150E333-8FDC-42A3-9474-1A3956D46DE8}") = "Libraries", "Libraries", "{095ED9C4-38CC-415A-92E4-1E5EADBDD439}"
EndProject
Project("{9A19103F-16F7-4668-BE54-9A1E7A4F7556}") = "Hirundo.Serialization.Json", "Hirundo.Serialization.Json\Hirundo.Serialization.Json.csproj", "{1147596B-60AB-4D80-AB4D-B233CF32FF62}"
EndProject
Project("{9A19103F-16F7-4668-BE54-9A1E7A4F7556}") = "Hirundo.Serialization.Json.Tests", "Hirundo.Serialization.Json.Tests\Hirundo.Serialization.Json.Tests.csproj", "{059E2E7A-067D-44AF-BCB7-A27075EA37BD}"
EndProject
Project("{9A19103F-16F7-4668-BE54-9A1E7A4F7556}") = "Hirundo.Processors.Observations", "Hirundo.Processors.Observations\Hirundo.Processors.Observations.csproj", "{A7EF86E1-6A8D-4A42-A7CA-5F9F43DF28A8}"
EndProject
Project("{9A19103F-16F7-4668-BE54-9A1E7A4F7556}") = "Hirundo.Processors.Observations.Tests", "Hirundo.Processors.Observations.Tests\Hirundo.Processors.Observations.Tests.csproj", "{D1350B76-8AA1-451A-8058-F1EA8E5EC3A1}"
EndProject
Project("{9A19103F-16F7-4668-BE54-9A1E7A4F7556}") = "Hirundo.Processors.Returning", "Hirundo.Processors.Returning\Hirundo.Processors.Returning.csproj", "{1A94DAAB-BC20-430A-A1B6-94F97AB2C122}"
EndProject
Project("{9A19103F-16F7-4668-BE54-9A1E7A4F7556}") = "Hirundo.Processors.Returning.Tests", "Hirundo.Processors.Returning.Tests\Hirundo.Processors.Returning.Tests.csproj", "{5174FDAD-7308-488E-81CA-3AB7F3099CCF}"
EndProject
Project("{9A19103F-16F7-4668-BE54-9A1E7A4F7556}") = "Hirundo.Databases.WPF", "Hirundo.Databases.WPF\Hirundo.Databases.WPF.csproj", "{3EB1319B-1456-4EEA-8247-E9DADEC3DE26}"
EndProject
Project("{9A19103F-16F7-4668-BE54-9A1E7A4F7556}") = "Hirundo.Commons.WPF", "Hirundo.Commons.WPF\Hirundo.Commons.WPF.csproj", "{63FAD71D-E011-4E6E-AD07-D0ED47A8460C}"
EndProject
Project("{9A19103F-16F7-4668-BE54-9A1E7A4F7556}") = "Hirundo.Processors.Observations.WPF", "Hirundo.Processors.Observations.WPF\Hirundo.Processors.Observations.WPF.csproj", "{7D46B058-C1E3-4279-B161-CB6F97C34BD9}"
EndProject
Project("{9A19103F-16F7-4668-BE54-9A1E7A4F7556}") = "Hirundo.Processors.Population.WPF", "Hirundo.Processors.Population.WPF\Hirundo.Processors.Population.WPF.csproj", "{1E3E89B3-9591-42EE-99CC-9E3E3F4D9C44}"
EndProject
Project("{9A19103F-16F7-4668-BE54-9A1E7A4F7556}") = "Hirundo.Processors.Returning.WPF", "Hirundo.Processors.Returning.WPF\Hirundo.Processors.Returning.WPF.csproj", "{C30C2D50-2DDB-4F90-A6A9-D8BC691ECE5D}"
EndProject
Project("{9A19103F-16F7-4668-BE54-9A1E7A4F7556}") = "Hirundo.Processors.Specimens.WPF", "Hirundo.Processors.Specimens.WPF\Hirundo.Processors.Specimens.WPF.csproj", "{2B1E14CE-0218-4F06-9DF5-E5AE1C07D178}"
EndProject
Project("{9A19103F-16F7-4668-BE54-9A1E7A4F7556}") = "Hirundo.Processors.Statistics.WPF", "Hirundo.Processors.Statistics.WPF\Hirundo.Processors.Statistics.WPF.csproj", "{F88A8D4B-5EAA-4A35-8A98-2EA16C977F96}"
EndProject
Project("{9A19103F-16F7-4668-BE54-9A1E7A4F7556}") = "Hirundo.Writers.WPF", "Hirundo.Writers.WPF\Hirundo.Writers.WPF.csproj", "{5F0C378E-4BB7-438A-A24F-DCB3C405C933}"
EndProject
Project("{FAE04EC0-301F-11D3-BF4B-00C04F79EFBC}") = "Hirundo.Repositories.DataLabels", "Hirundo.Repositories.DataLabels\Hirundo.Repositories.DataLabels.csproj", "{1F92CB9C-0DDE-4993-B3BE-B2C5FA92C155}"
EndProject
Project("{FAE04EC0-301F-11D3-BF4B-00C04F79EFBC}") = "Hirundo.Repositories.DataLabels.Tests", "Hirundo.Repositories.DataLabels.Tests\Hirundo.Repositories.DataLabels.Tests.csproj", "{34DFB71C-1FB9-4B71-A0C0-868185CF445C}"
EndProject
Project("{FAE04EC0-301F-11D3-BF4B-00C04F79EFBC}") = "Hirundo.App.WPF", "Hirundo.App.WPF\Hirundo.App.WPF.csproj", "{37F217EF-5F1F-4BB8-84EB-5690C2B7AC97}"
EndProject
Project("{FAE04EC0-301F-11D3-BF4B-00C04F79EFBC}") = "Hirundo.App.WPF.Tests", "Hirundo.App.WPF.Tests\Hirundo.App.WPF.Tests.csproj", "{FD9F9D79-9B16-46E1-B50A-CF4419372FF3}"
EndProject
Project("{FAE04EC0-301F-11D3-BF4B-00C04F79EFBC}") = "Hirundo.App.WPF.Tests.Integration", "Hirundo.App.WPF.Tests.Integration\Hirundo.App.WPF.Tests.Integration.csproj", "{610FB91C-08BE-46EB-B6F0-BD179F426392}"
EndProject
Project("{FAE04EC0-301F-11D3-BF4B-00C04F79EFBC}") = "Hirundo.App", "Hirundo.App\Hirundo.App.csproj", "{35B4EB75-1F57-4545-8325-D25524AEBCF4}"
EndProject
Project("{FAE04EC0-301F-11D3-BF4B-00C04F79EFBC}") = "Hirundo.Databases.WPF.Tests", "Hirundo.Databases.WPF.Tests\Hirundo.Databases.WPF.Tests.csproj", "{2F003FAB-5501-4091-820F-5B2A5717B4D8}"
EndProject
Global
	GlobalSection(SolutionConfigurationPlatforms) = preSolution
		Debug|Any CPU = Debug|Any CPU
		Release|Any CPU = Release|Any CPU
	EndGlobalSection
	GlobalSection(ProjectConfigurationPlatforms) = postSolution
		{58E8EC4A-0F4C-4115-8DC3-7339F76F7D26}.Debug|Any CPU.ActiveCfg = Debug|Any CPU
		{58E8EC4A-0F4C-4115-8DC3-7339F76F7D26}.Debug|Any CPU.Build.0 = Debug|Any CPU
		{58E8EC4A-0F4C-4115-8DC3-7339F76F7D26}.Release|Any CPU.ActiveCfg = Release|Any CPU
		{58E8EC4A-0F4C-4115-8DC3-7339F76F7D26}.Release|Any CPU.Build.0 = Release|Any CPU
		{08194132-B25D-46B8-A12D-F734DC214FB6}.Debug|Any CPU.ActiveCfg = Debug|Any CPU
		{08194132-B25D-46B8-A12D-F734DC214FB6}.Debug|Any CPU.Build.0 = Debug|Any CPU
		{08194132-B25D-46B8-A12D-F734DC214FB6}.Release|Any CPU.ActiveCfg = Release|Any CPU
		{08194132-B25D-46B8-A12D-F734DC214FB6}.Release|Any CPU.Build.0 = Release|Any CPU
		{3F2FC052-29B9-4089-B659-C6DD59C89719}.Debug|Any CPU.ActiveCfg = Debug|Any CPU
		{3F2FC052-29B9-4089-B659-C6DD59C89719}.Debug|Any CPU.Build.0 = Debug|Any CPU
		{3F2FC052-29B9-4089-B659-C6DD59C89719}.Release|Any CPU.ActiveCfg = Release|Any CPU
		{3F2FC052-29B9-4089-B659-C6DD59C89719}.Release|Any CPU.Build.0 = Release|Any CPU
		{6757E022-BBFF-41B1-84DA-747A23D4466F}.Debug|Any CPU.ActiveCfg = Debug|Any CPU
		{6757E022-BBFF-41B1-84DA-747A23D4466F}.Debug|Any CPU.Build.0 = Debug|Any CPU
		{6757E022-BBFF-41B1-84DA-747A23D4466F}.Release|Any CPU.ActiveCfg = Release|Any CPU
		{6757E022-BBFF-41B1-84DA-747A23D4466F}.Release|Any CPU.Build.0 = Release|Any CPU
		{7D84BC30-9BBE-430D-92FC-F0E00F61AFFF}.Debug|Any CPU.ActiveCfg = Debug|Any CPU
		{7D84BC30-9BBE-430D-92FC-F0E00F61AFFF}.Debug|Any CPU.Build.0 = Debug|Any CPU
		{7D84BC30-9BBE-430D-92FC-F0E00F61AFFF}.Release|Any CPU.ActiveCfg = Release|Any CPU
		{7D84BC30-9BBE-430D-92FC-F0E00F61AFFF}.Release|Any CPU.Build.0 = Release|Any CPU
		{BCA5891F-9277-4BDC-A82F-D5A6194B54AA}.Debug|Any CPU.ActiveCfg = Debug|Any CPU
		{BCA5891F-9277-4BDC-A82F-D5A6194B54AA}.Debug|Any CPU.Build.0 = Debug|Any CPU
		{BCA5891F-9277-4BDC-A82F-D5A6194B54AA}.Release|Any CPU.ActiveCfg = Release|Any CPU
		{BCA5891F-9277-4BDC-A82F-D5A6194B54AA}.Release|Any CPU.Build.0 = Release|Any CPU
		{1235259F-89C6-4C9A-A4B2-B243ED17AA42}.Debug|Any CPU.ActiveCfg = Debug|Any CPU
		{1235259F-89C6-4C9A-A4B2-B243ED17AA42}.Debug|Any CPU.Build.0 = Debug|Any CPU
		{1235259F-89C6-4C9A-A4B2-B243ED17AA42}.Release|Any CPU.ActiveCfg = Release|Any CPU
		{1235259F-89C6-4C9A-A4B2-B243ED17AA42}.Release|Any CPU.Build.0 = Release|Any CPU
		{A6431268-65DD-4AD5-860F-39FA6D1F28CA}.Debug|Any CPU.ActiveCfg = Debug|Any CPU
		{A6431268-65DD-4AD5-860F-39FA6D1F28CA}.Debug|Any CPU.Build.0 = Debug|Any CPU
		{A6431268-65DD-4AD5-860F-39FA6D1F28CA}.Release|Any CPU.ActiveCfg = Release|Any CPU
		{A6431268-65DD-4AD5-860F-39FA6D1F28CA}.Release|Any CPU.Build.0 = Release|Any CPU
		{CE9ED348-A83B-4130-93A5-9C1367C9EC8B}.Debug|Any CPU.ActiveCfg = Debug|Any CPU
		{CE9ED348-A83B-4130-93A5-9C1367C9EC8B}.Debug|Any CPU.Build.0 = Debug|Any CPU
		{CE9ED348-A83B-4130-93A5-9C1367C9EC8B}.Release|Any CPU.ActiveCfg = Release|Any CPU
		{CE9ED348-A83B-4130-93A5-9C1367C9EC8B}.Release|Any CPU.Build.0 = Release|Any CPU
		{A09C7B25-0D22-4DD5-B844-F7AB2DFCB897}.Debug|Any CPU.ActiveCfg = Debug|Any CPU
		{A09C7B25-0D22-4DD5-B844-F7AB2DFCB897}.Debug|Any CPU.Build.0 = Debug|Any CPU
		{A09C7B25-0D22-4DD5-B844-F7AB2DFCB897}.Release|Any CPU.ActiveCfg = Release|Any CPU
		{A09C7B25-0D22-4DD5-B844-F7AB2DFCB897}.Release|Any CPU.Build.0 = Release|Any CPU
		{D7548D59-9495-4FA9-A4D2-11D360917E38}.Debug|Any CPU.ActiveCfg = Debug|Any CPU
		{D7548D59-9495-4FA9-A4D2-11D360917E38}.Debug|Any CPU.Build.0 = Debug|Any CPU
		{D7548D59-9495-4FA9-A4D2-11D360917E38}.Release|Any CPU.ActiveCfg = Release|Any CPU
		{D7548D59-9495-4FA9-A4D2-11D360917E38}.Release|Any CPU.Build.0 = Release|Any CPU
		{54D2B821-FB36-4A86-AA89-D4AD4CCD9F1C}.Debug|Any CPU.ActiveCfg = Debug|Any CPU
		{54D2B821-FB36-4A86-AA89-D4AD4CCD9F1C}.Debug|Any CPU.Build.0 = Debug|Any CPU
		{54D2B821-FB36-4A86-AA89-D4AD4CCD9F1C}.Release|Any CPU.ActiveCfg = Release|Any CPU
		{54D2B821-FB36-4A86-AA89-D4AD4CCD9F1C}.Release|Any CPU.Build.0 = Release|Any CPU
		{9941113F-6477-4644-8DCF-DB0FBB6E5E07}.Debug|Any CPU.ActiveCfg = Debug|Any CPU
		{9941113F-6477-4644-8DCF-DB0FBB6E5E07}.Debug|Any CPU.Build.0 = Debug|Any CPU
		{9941113F-6477-4644-8DCF-DB0FBB6E5E07}.Release|Any CPU.ActiveCfg = Release|Any CPU
		{9941113F-6477-4644-8DCF-DB0FBB6E5E07}.Release|Any CPU.Build.0 = Release|Any CPU
		{BD87AFDB-936C-4735-9B52-B5919BB80437}.Debug|Any CPU.ActiveCfg = Debug|Any CPU
		{BD87AFDB-936C-4735-9B52-B5919BB80437}.Debug|Any CPU.Build.0 = Debug|Any CPU
		{BD87AFDB-936C-4735-9B52-B5919BB80437}.Release|Any CPU.ActiveCfg = Release|Any CPU
		{BD87AFDB-936C-4735-9B52-B5919BB80437}.Release|Any CPU.Build.0 = Release|Any CPU
		{180EE763-64C2-444E-A3E4-43204C51B0DD}.Debug|Any CPU.ActiveCfg = Debug|Any CPU
		{180EE763-64C2-444E-A3E4-43204C51B0DD}.Debug|Any CPU.Build.0 = Debug|Any CPU
		{180EE763-64C2-444E-A3E4-43204C51B0DD}.Release|Any CPU.ActiveCfg = Release|Any CPU
		{180EE763-64C2-444E-A3E4-43204C51B0DD}.Release|Any CPU.Build.0 = Release|Any CPU
		{1147596B-60AB-4D80-AB4D-B233CF32FF62}.Debug|Any CPU.ActiveCfg = Debug|Any CPU
		{1147596B-60AB-4D80-AB4D-B233CF32FF62}.Debug|Any CPU.Build.0 = Debug|Any CPU
		{1147596B-60AB-4D80-AB4D-B233CF32FF62}.Release|Any CPU.ActiveCfg = Release|Any CPU
		{1147596B-60AB-4D80-AB4D-B233CF32FF62}.Release|Any CPU.Build.0 = Release|Any CPU
		{059E2E7A-067D-44AF-BCB7-A27075EA37BD}.Debug|Any CPU.ActiveCfg = Debug|Any CPU
		{059E2E7A-067D-44AF-BCB7-A27075EA37BD}.Debug|Any CPU.Build.0 = Debug|Any CPU
		{059E2E7A-067D-44AF-BCB7-A27075EA37BD}.Release|Any CPU.ActiveCfg = Release|Any CPU
		{059E2E7A-067D-44AF-BCB7-A27075EA37BD}.Release|Any CPU.Build.0 = Release|Any CPU
		{A7EF86E1-6A8D-4A42-A7CA-5F9F43DF28A8}.Debug|Any CPU.ActiveCfg = Debug|Any CPU
		{A7EF86E1-6A8D-4A42-A7CA-5F9F43DF28A8}.Debug|Any CPU.Build.0 = Debug|Any CPU
		{A7EF86E1-6A8D-4A42-A7CA-5F9F43DF28A8}.Release|Any CPU.ActiveCfg = Release|Any CPU
		{A7EF86E1-6A8D-4A42-A7CA-5F9F43DF28A8}.Release|Any CPU.Build.0 = Release|Any CPU
		{D1350B76-8AA1-451A-8058-F1EA8E5EC3A1}.Debug|Any CPU.ActiveCfg = Debug|Any CPU
		{D1350B76-8AA1-451A-8058-F1EA8E5EC3A1}.Debug|Any CPU.Build.0 = Debug|Any CPU
		{D1350B76-8AA1-451A-8058-F1EA8E5EC3A1}.Release|Any CPU.ActiveCfg = Release|Any CPU
		{D1350B76-8AA1-451A-8058-F1EA8E5EC3A1}.Release|Any CPU.Build.0 = Release|Any CPU
		{1A94DAAB-BC20-430A-A1B6-94F97AB2C122}.Debug|Any CPU.ActiveCfg = Debug|Any CPU
		{1A94DAAB-BC20-430A-A1B6-94F97AB2C122}.Debug|Any CPU.Build.0 = Debug|Any CPU
		{1A94DAAB-BC20-430A-A1B6-94F97AB2C122}.Release|Any CPU.ActiveCfg = Release|Any CPU
		{1A94DAAB-BC20-430A-A1B6-94F97AB2C122}.Release|Any CPU.Build.0 = Release|Any CPU
		{5174FDAD-7308-488E-81CA-3AB7F3099CCF}.Debug|Any CPU.ActiveCfg = Debug|Any CPU
		{5174FDAD-7308-488E-81CA-3AB7F3099CCF}.Debug|Any CPU.Build.0 = Debug|Any CPU
		{5174FDAD-7308-488E-81CA-3AB7F3099CCF}.Release|Any CPU.ActiveCfg = Release|Any CPU
		{5174FDAD-7308-488E-81CA-3AB7F3099CCF}.Release|Any CPU.Build.0 = Release|Any CPU
		{3EB1319B-1456-4EEA-8247-E9DADEC3DE26}.Debug|Any CPU.ActiveCfg = Debug|Any CPU
		{3EB1319B-1456-4EEA-8247-E9DADEC3DE26}.Debug|Any CPU.Build.0 = Debug|Any CPU
		{3EB1319B-1456-4EEA-8247-E9DADEC3DE26}.Release|Any CPU.ActiveCfg = Release|Any CPU
		{3EB1319B-1456-4EEA-8247-E9DADEC3DE26}.Release|Any CPU.Build.0 = Release|Any CPU
		{63FAD71D-E011-4E6E-AD07-D0ED47A8460C}.Debug|Any CPU.ActiveCfg = Debug|Any CPU
		{63FAD71D-E011-4E6E-AD07-D0ED47A8460C}.Debug|Any CPU.Build.0 = Debug|Any CPU
		{63FAD71D-E011-4E6E-AD07-D0ED47A8460C}.Release|Any CPU.ActiveCfg = Release|Any CPU
		{63FAD71D-E011-4E6E-AD07-D0ED47A8460C}.Release|Any CPU.Build.0 = Release|Any CPU
		{7D46B058-C1E3-4279-B161-CB6F97C34BD9}.Debug|Any CPU.ActiveCfg = Debug|Any CPU
		{7D46B058-C1E3-4279-B161-CB6F97C34BD9}.Debug|Any CPU.Build.0 = Debug|Any CPU
		{7D46B058-C1E3-4279-B161-CB6F97C34BD9}.Release|Any CPU.ActiveCfg = Release|Any CPU
		{7D46B058-C1E3-4279-B161-CB6F97C34BD9}.Release|Any CPU.Build.0 = Release|Any CPU
		{1E3E89B3-9591-42EE-99CC-9E3E3F4D9C44}.Debug|Any CPU.ActiveCfg = Debug|Any CPU
		{1E3E89B3-9591-42EE-99CC-9E3E3F4D9C44}.Debug|Any CPU.Build.0 = Debug|Any CPU
		{1E3E89B3-9591-42EE-99CC-9E3E3F4D9C44}.Release|Any CPU.ActiveCfg = Release|Any CPU
		{1E3E89B3-9591-42EE-99CC-9E3E3F4D9C44}.Release|Any CPU.Build.0 = Release|Any CPU
		{C30C2D50-2DDB-4F90-A6A9-D8BC691ECE5D}.Debug|Any CPU.ActiveCfg = Debug|Any CPU
		{C30C2D50-2DDB-4F90-A6A9-D8BC691ECE5D}.Debug|Any CPU.Build.0 = Debug|Any CPU
		{C30C2D50-2DDB-4F90-A6A9-D8BC691ECE5D}.Release|Any CPU.ActiveCfg = Release|Any CPU
		{C30C2D50-2DDB-4F90-A6A9-D8BC691ECE5D}.Release|Any CPU.Build.0 = Release|Any CPU
		{2B1E14CE-0218-4F06-9DF5-E5AE1C07D178}.Debug|Any CPU.ActiveCfg = Debug|Any CPU
		{2B1E14CE-0218-4F06-9DF5-E5AE1C07D178}.Debug|Any CPU.Build.0 = Debug|Any CPU
		{2B1E14CE-0218-4F06-9DF5-E5AE1C07D178}.Release|Any CPU.ActiveCfg = Release|Any CPU
		{2B1E14CE-0218-4F06-9DF5-E5AE1C07D178}.Release|Any CPU.Build.0 = Release|Any CPU
		{F88A8D4B-5EAA-4A35-8A98-2EA16C977F96}.Debug|Any CPU.ActiveCfg = Debug|Any CPU
		{F88A8D4B-5EAA-4A35-8A98-2EA16C977F96}.Debug|Any CPU.Build.0 = Debug|Any CPU
		{F88A8D4B-5EAA-4A35-8A98-2EA16C977F96}.Release|Any CPU.ActiveCfg = Release|Any CPU
		{F88A8D4B-5EAA-4A35-8A98-2EA16C977F96}.Release|Any CPU.Build.0 = Release|Any CPU
		{5F0C378E-4BB7-438A-A24F-DCB3C405C933}.Debug|Any CPU.ActiveCfg = Debug|Any CPU
		{5F0C378E-4BB7-438A-A24F-DCB3C405C933}.Debug|Any CPU.Build.0 = Debug|Any CPU
		{5F0C378E-4BB7-438A-A24F-DCB3C405C933}.Release|Any CPU.ActiveCfg = Release|Any CPU
		{5F0C378E-4BB7-438A-A24F-DCB3C405C933}.Release|Any CPU.Build.0 = Release|Any CPU
		{1F92CB9C-0DDE-4993-B3BE-B2C5FA92C155}.Debug|Any CPU.ActiveCfg = Debug|Any CPU
		{1F92CB9C-0DDE-4993-B3BE-B2C5FA92C155}.Debug|Any CPU.Build.0 = Debug|Any CPU
		{1F92CB9C-0DDE-4993-B3BE-B2C5FA92C155}.Release|Any CPU.ActiveCfg = Release|Any CPU
		{1F92CB9C-0DDE-4993-B3BE-B2C5FA92C155}.Release|Any CPU.Build.0 = Release|Any CPU
		{34DFB71C-1FB9-4B71-A0C0-868185CF445C}.Debug|Any CPU.ActiveCfg = Debug|Any CPU
		{34DFB71C-1FB9-4B71-A0C0-868185CF445C}.Debug|Any CPU.Build.0 = Debug|Any CPU
		{34DFB71C-1FB9-4B71-A0C0-868185CF445C}.Release|Any CPU.ActiveCfg = Release|Any CPU
		{34DFB71C-1FB9-4B71-A0C0-868185CF445C}.Release|Any CPU.Build.0 = Release|Any CPU
		{37F217EF-5F1F-4BB8-84EB-5690C2B7AC97}.Debug|Any CPU.ActiveCfg = Debug|Any CPU
		{37F217EF-5F1F-4BB8-84EB-5690C2B7AC97}.Debug|Any CPU.Build.0 = Debug|Any CPU
		{37F217EF-5F1F-4BB8-84EB-5690C2B7AC97}.Release|Any CPU.ActiveCfg = Release|Any CPU
		{37F217EF-5F1F-4BB8-84EB-5690C2B7AC97}.Release|Any CPU.Build.0 = Release|Any CPU
		{FD9F9D79-9B16-46E1-B50A-CF4419372FF3}.Debug|Any CPU.ActiveCfg = Debug|Any CPU
		{FD9F9D79-9B16-46E1-B50A-CF4419372FF3}.Debug|Any CPU.Build.0 = Debug|Any CPU
		{FD9F9D79-9B16-46E1-B50A-CF4419372FF3}.Release|Any CPU.ActiveCfg = Release|Any CPU
		{FD9F9D79-9B16-46E1-B50A-CF4419372FF3}.Release|Any CPU.Build.0 = Release|Any CPU
		{610FB91C-08BE-46EB-B6F0-BD179F426392}.Debug|Any CPU.ActiveCfg = Debug|Any CPU
		{610FB91C-08BE-46EB-B6F0-BD179F426392}.Debug|Any CPU.Build.0 = Debug|Any CPU
		{610FB91C-08BE-46EB-B6F0-BD179F426392}.Release|Any CPU.ActiveCfg = Release|Any CPU
		{610FB91C-08BE-46EB-B6F0-BD179F426392}.Release|Any CPU.Build.0 = Release|Any CPU
		{35B4EB75-1F57-4545-8325-D25524AEBCF4}.Debug|Any CPU.ActiveCfg = Debug|Any CPU
		{35B4EB75-1F57-4545-8325-D25524AEBCF4}.Debug|Any CPU.Build.0 = Debug|Any CPU
		{35B4EB75-1F57-4545-8325-D25524AEBCF4}.Release|Any CPU.ActiveCfg = Release|Any CPU
		{35B4EB75-1F57-4545-8325-D25524AEBCF4}.Release|Any CPU.Build.0 = Release|Any CPU
		{2F003FAB-5501-4091-820F-5B2A5717B4D8}.Debug|Any CPU.ActiveCfg = Debug|Any CPU
		{2F003FAB-5501-4091-820F-5B2A5717B4D8}.Debug|Any CPU.Build.0 = Debug|Any CPU
		{2F003FAB-5501-4091-820F-5B2A5717B4D8}.Release|Any CPU.ActiveCfg = Release|Any CPU
		{2F003FAB-5501-4091-820F-5B2A5717B4D8}.Release|Any CPU.Build.0 = Release|Any CPU
	EndGlobalSection
	GlobalSection(SolutionProperties) = preSolution
		HideSolutionNode = FALSE
	EndGlobalSection
	GlobalSection(NestedProjects) = preSolution
		{58E8EC4A-0F4C-4115-8DC3-7339F76F7D26} = {095ED9C4-38CC-415A-92E4-1E5EADBDD439}
		{08194132-B25D-46B8-A12D-F734DC214FB6} = {66952413-DE19-442D-BD7E-05B457715E11}
		{3F2FC052-29B9-4089-B659-C6DD59C89719} = {66952413-DE19-442D-BD7E-05B457715E11}
		{6757E022-BBFF-41B1-84DA-747A23D4466F} = {095ED9C4-38CC-415A-92E4-1E5EADBDD439}
		{7D84BC30-9BBE-430D-92FC-F0E00F61AFFF} = {095ED9C4-38CC-415A-92E4-1E5EADBDD439}
		{BCA5891F-9277-4BDC-A82F-D5A6194B54AA} = {66952413-DE19-442D-BD7E-05B457715E11}
		{1235259F-89C6-4C9A-A4B2-B243ED17AA42} = {095ED9C4-38CC-415A-92E4-1E5EADBDD439}
		{A6431268-65DD-4AD5-860F-39FA6D1F28CA} = {66952413-DE19-442D-BD7E-05B457715E11}
		{CE9ED348-A83B-4130-93A5-9C1367C9EC8B} = {095ED9C4-38CC-415A-92E4-1E5EADBDD439}
		{A09C7B25-0D22-4DD5-B844-F7AB2DFCB897} = {66952413-DE19-442D-BD7E-05B457715E11}
		{D7548D59-9495-4FA9-A4D2-11D360917E38} = {095ED9C4-38CC-415A-92E4-1E5EADBDD439}
		{54D2B821-FB36-4A86-AA89-D4AD4CCD9F1C} = {66952413-DE19-442D-BD7E-05B457715E11}
		{9941113F-6477-4644-8DCF-DB0FBB6E5E07} = {095ED9C4-38CC-415A-92E4-1E5EADBDD439}
		{BD87AFDB-936C-4735-9B52-B5919BB80437} = {66952413-DE19-442D-BD7E-05B457715E11}
		{180EE763-64C2-444E-A3E4-43204C51B0DD} = {08F44D1D-B8D6-4172-B8D0-B0383A77C5AE}
		{1147596B-60AB-4D80-AB4D-B233CF32FF62} = {095ED9C4-38CC-415A-92E4-1E5EADBDD439}
		{059E2E7A-067D-44AF-BCB7-A27075EA37BD} = {66952413-DE19-442D-BD7E-05B457715E11}
		{A7EF86E1-6A8D-4A42-A7CA-5F9F43DF28A8} = {095ED9C4-38CC-415A-92E4-1E5EADBDD439}
		{D1350B76-8AA1-451A-8058-F1EA8E5EC3A1} = {66952413-DE19-442D-BD7E-05B457715E11}
		{1A94DAAB-BC20-430A-A1B6-94F97AB2C122} = {095ED9C4-38CC-415A-92E4-1E5EADBDD439}
		{5174FDAD-7308-488E-81CA-3AB7F3099CCF} = {66952413-DE19-442D-BD7E-05B457715E11}
		{3EB1319B-1456-4EEA-8247-E9DADEC3DE26} = {095ED9C4-38CC-415A-92E4-1E5EADBDD439}
		{63FAD71D-E011-4E6E-AD07-D0ED47A8460C} = {095ED9C4-38CC-415A-92E4-1E5EADBDD439}
		{7D46B058-C1E3-4279-B161-CB6F97C34BD9} = {095ED9C4-38CC-415A-92E4-1E5EADBDD439}
		{1E3E89B3-9591-42EE-99CC-9E3E3F4D9C44} = {095ED9C4-38CC-415A-92E4-1E5EADBDD439}
		{C30C2D50-2DDB-4F90-A6A9-D8BC691ECE5D} = {095ED9C4-38CC-415A-92E4-1E5EADBDD439}
		{2B1E14CE-0218-4F06-9DF5-E5AE1C07D178} = {095ED9C4-38CC-415A-92E4-1E5EADBDD439}
		{F88A8D4B-5EAA-4A35-8A98-2EA16C977F96} = {095ED9C4-38CC-415A-92E4-1E5EADBDD439}
		{5F0C378E-4BB7-438A-A24F-DCB3C405C933} = {095ED9C4-38CC-415A-92E4-1E5EADBDD439}
		{1F92CB9C-0DDE-4993-B3BE-B2C5FA92C155} = {095ED9C4-38CC-415A-92E4-1E5EADBDD439}
		{34DFB71C-1FB9-4B71-A0C0-868185CF445C} = {66952413-DE19-442D-BD7E-05B457715E11}
		{37F217EF-5F1F-4BB8-84EB-5690C2B7AC97} = {08F44D1D-B8D6-4172-B8D0-B0383A77C5AE}
		{FD9F9D79-9B16-46E1-B50A-CF4419372FF3} = {66952413-DE19-442D-BD7E-05B457715E11}
		{610FB91C-08BE-46EB-B6F0-BD179F426392} = {66952413-DE19-442D-BD7E-05B457715E11}
		{35B4EB75-1F57-4545-8325-D25524AEBCF4} = {08F44D1D-B8D6-4172-B8D0-B0383A77C5AE}
		{2F003FAB-5501-4091-820F-5B2A5717B4D8} = {66952413-DE19-442D-BD7E-05B457715E11}
	EndGlobalSection
	GlobalSection(ExtensibilityGlobals) = postSolution
		SolutionGuid = {7BB2E5CA-3E12-4544-8827-61B4CF679997}
	EndGlobalSection
EndGlobal
